<?xml version="1.0" encoding="utf-8"?>
<Project ToolsVersion="4.0" xmlns="http://schemas.microsoft.com/developer/msbuild/2003">
  <ItemGroup>
    <Filter Include="ソース ファイル">
      <UniqueIdentifier>{4FC737F1-C7A5-4376-A066-2A32D752A2FF}</UniqueIdentifier>
      <Extensions>cpp;c;cc;cxx;c++;cppm;ixx;def;odl;idl;hpj;bat;asm;asmx</Extensions>
    </Filter>
    <Filter Include="ヘッダー ファイル">
      <UniqueIdentifier>{93995380-89BD-4b04-88EB-625FBE52EBFB}</UniqueIdentifier>
      <Extensions>h;hh;hpp;hxx;h++;hm;inl;inc;ipp;xsd</Extensions>
    </Filter>
    <Filter Include="リソース ファイル">
      <UniqueIdentifier>{67DA6AB6-F800-4c08-8B7A-83BB121AAD01}</UniqueIdentifier>
      <Extensions>rc;ico;cur;bmp;dlg;rc2;rct;bin;rgs;gif;jpg;jpeg;jpe;resx;tiff;tif;png;wav;mfcribbon-ms</Extensions>
    </Filter>
    <Filter Include="imgui">
      <UniqueIdentifier>{09ed2eb8-a2f2-4001-8a92-88fb361709f3}</UniqueIdentifier>
    </Filter>
    <Filter Include="ソース ファイル\Audio">
      <UniqueIdentifier>{49779a9c-4b33-4482-9b87-8114c9a89d5d}</UniqueIdentifier>
    </Filter>
    <Filter Include="ヘッダー ファイル\Audio">
      <UniqueIdentifier>{67e04bfc-e7ed-4269-b5fa-6b01d2cb6c14}</UniqueIdentifier>
    </Filter>
    <Filter Include="ソース ファイル\GameObject">
      <UniqueIdentifier>{4e90fb87-35af-43c5-abf0-a88650137e3c}</UniqueIdentifier>
    </Filter>
    <Filter Include="ヘッダー ファイル\GameObject">
      <UniqueIdentifier>{55afe411-9868-43b2-89e9-2633bcd6f53d}</UniqueIdentifier>
    </Filter>
    <Filter Include="ソース ファイル\Texture">
      <UniqueIdentifier>{92addf69-69d6-4d46-b898-5cbd0cd0621b}</UniqueIdentifier>
    </Filter>
    <Filter Include="ヘッダー ファイル\Texture">
      <UniqueIdentifier>{51368f7b-fe4e-4bd0-9ca7-2f5d4844a2db}</UniqueIdentifier>
    </Filter>
    <Filter Include="ヘッダー ファイル\Camera">
      <UniqueIdentifier>{43feb261-e876-42ce-b9fb-8a1e0764fb68}</UniqueIdentifier>
    </Filter>
    <Filter Include="ソース ファイル\Camera">
      <UniqueIdentifier>{551458e2-8d93-44e4-bfac-08bda869c068}</UniqueIdentifier>
    </Filter>
    <Filter Include="ソース ファイル\DirectXCommon">
      <UniqueIdentifier>{301b57c6-bc9c-4099-a7b4-de54192c3064}</UniqueIdentifier>
    </Filter>
    <Filter Include="ヘッダー ファイル\DirectXCommon">
      <UniqueIdentifier>{b07e9775-06a7-40a9-9b02-b90fcd54ea71}</UniqueIdentifier>
    </Filter>
    <Filter Include="ヘッダー ファイル\DirectXCommon\Logger">
      <UniqueIdentifier>{1c9c37a2-60e3-4494-b794-cdccf350ef4c}</UniqueIdentifier>
    </Filter>
    <Filter Include="ソース ファイル\DirectXCommon\Logger">
      <UniqueIdentifier>{510abd56-8856-4809-a4d3-050564b9bfbe}</UniqueIdentifier>
    </Filter>
    <Filter Include="ソース ファイル\MyMath">
      <UniqueIdentifier>{c74472ed-5339-4e39-b559-12214c196116}</UniqueIdentifier>
    </Filter>
    <Filter Include="ヘッダー ファイル\MyMath">
      <UniqueIdentifier>{a73fe585-58a8-4075-bfa2-59097dffb1df}</UniqueIdentifier>
    </Filter>
    <Filter Include="リソース ファイル\Shader">
      <UniqueIdentifier>{d7f24bbd-081a-4210-811f-21c946777cc9}</UniqueIdentifier>
    </Filter>
    <Filter Include="リソース ファイル\Shader\Object3d">
      <UniqueIdentifier>{f62798c6-8783-48ac-be17-fe2377478ecb}</UniqueIdentifier>
    </Filter>
    <Filter Include="リソース ファイル\Shader\Sprite">
      <UniqueIdentifier>{ae8040b9-f52c-42fc-84d3-5e698849411b}</UniqueIdentifier>
    </Filter>
    <Filter Include="ソース ファイル\Sprite">
      <UniqueIdentifier>{e2882a5e-bff0-4a5b-8ef6-a0a39bc0f78f}</UniqueIdentifier>
    </Filter>
    <Filter Include="ヘッダー ファイル\Sprite">
      <UniqueIdentifier>{e36e23c7-8f1c-4343-8852-618966b22da6}</UniqueIdentifier>
    </Filter>
    <Filter Include="Offscreen">
      <UniqueIdentifier>{03d769a8-00a6-4692-94bd-32d7c20fd016}</UniqueIdentifier>
    </Filter>
    <Filter Include="Offscreen\PostEffect">
      <UniqueIdentifier>{a9c21117-45d5-4bd9-8564-7b331f6714c1}</UniqueIdentifier>
    </Filter>
    <Filter Include="Offscreen\PostEffect\RGBShift">
      <UniqueIdentifier>{9c6be5dc-041d-4c3c-9931-219339b7c751}</UniqueIdentifier>
    </Filter>
    <Filter Include="Offscreen\PostProcessChain">
      <UniqueIdentifier>{37a00932-352c-443b-9aec-e010c8571bf5}</UniqueIdentifier>
    </Filter>
    <Filter Include="Offscreen\OffscreenRenderer">
      <UniqueIdentifier>{cb9cb87f-e25a-458c-82d5-4abea6b28e5b}</UniqueIdentifier>
    </Filter>
    <Filter Include="リソース ファイル\Shader\RGBShift">
      <UniqueIdentifier>{1b05d1ae-4ce6-402e-a6fe-f5ef2717410e}</UniqueIdentifier>
    </Filter>
    <Filter Include="リソース ファイル\Shader\Grayscale">
      <UniqueIdentifier>{199393d8-3b85-4dd1-bd73-032f83314bd8}</UniqueIdentifier>
    </Filter>
    <Filter Include="Offscreen\PostEffect\Grayscale">
      <UniqueIdentifier>{bf51a594-c662-43d5-879b-1078219b28d4}</UniqueIdentifier>
    </Filter>
    <Filter Include="Game">
      <UniqueIdentifier>{feec44c0-5ba6-4e64-9ba3-5db0d0ca8d0f}</UniqueIdentifier>
    </Filter>
    <Filter Include="Game\Scenes">
      <UniqueIdentifier>{91b6173e-1f16-4090-a701-d3fb5a067a8f}</UniqueIdentifier>
    </Filter>
    <Filter Include="Game\Scenes\GameScene">
      <UniqueIdentifier>{92ccc106-94e0-45b1-96a4-bf83ad623174}</UniqueIdentifier>
    </Filter>
  </ItemGroup>
  <ItemGroup>
    <ClCompile Include="main.cpp">
      <Filter>ソース ファイル</Filter>
    </ClCompile>
    <ClCompile Include="externals\imgui\imgui.cpp">
      <Filter>imgui</Filter>
    </ClCompile>
    <ClCompile Include="externals\imgui\imgui_demo.cpp">
      <Filter>imgui</Filter>
    </ClCompile>
    <ClCompile Include="externals\imgui\imgui_draw.cpp">
      <Filter>imgui</Filter>
    </ClCompile>
    <ClCompile Include="externals\imgui\imgui_impl_dx12.cpp">
      <Filter>imgui</Filter>
    </ClCompile>
    <ClCompile Include="externals\imgui\imgui_impl_win32.cpp">
      <Filter>imgui</Filter>
    </ClCompile>
    <ClCompile Include="externals\imgui\imgui_tables.cpp">
      <Filter>imgui</Filter>
    </ClCompile>
    <ClCompile Include="externals\imgui\imgui_widgets.cpp">
      <Filter>imgui</Filter>
    </ClCompile>
    <ClCompile Include="WinApp.cpp">
      <Filter>ソース ファイル</Filter>
    </ClCompile>
    <ClCompile Include="Audio.cpp">
      <Filter>ソース ファイル\Audio</Filter>
    </ClCompile>
    <ClCompile Include="AudioManager.cpp">
      <Filter>ソース ファイル\Audio</Filter>
    </ClCompile>
    <ClCompile Include="InputManager.cpp">
      <Filter>ソース ファイル</Filter>
    </ClCompile>
    <ClCompile Include="GameObject.cpp">
      <Filter>ソース ファイル\GameObject</Filter>
    </ClCompile>
    <ClCompile Include="Texture.cpp">
      <Filter>ソース ファイル\Texture</Filter>
    </ClCompile>
    <ClCompile Include="TextureManager.cpp">
      <Filter>ソース ファイル\Texture</Filter>
    </ClCompile>
    <ClCompile Include="Camera.cpp">
      <Filter>ソース ファイル\Camera</Filter>
    </ClCompile>
    <ClCompile Include="DebugCamera.cpp">
      <Filter>ソース ファイル\Camera</Filter>
    </ClCompile>
    <ClCompile Include="ImGuiManager.cpp">
      <Filter>ソース ファイル</Filter>
    </ClCompile>
    <ClCompile Include="CameraController.cpp">
      <Filter>ソース ファイル\Camera</Filter>
    </ClCompile>
    <ClCompile Include="Transform.cpp">
      <Filter>ソース ファイル\GameObject</Filter>
    </ClCompile>
    <ClCompile Include="Material.cpp">
      <Filter>ソース ファイル\GameObject</Filter>
    </ClCompile>
    <ClCompile Include="Mesh.cpp">
      <Filter>ソース ファイル\GameObject</Filter>
    </ClCompile>
    <ClCompile Include="Model.cpp">
      <Filter>ソース ファイル\GameObject</Filter>
    </ClCompile>
    <ClCompile Include="Light.cpp">
      <Filter>ソース ファイル</Filter>
    </ClCompile>
    <ClCompile Include="DirectXCommon.cpp">
      <Filter>ソース ファイル\DirectXCommon</Filter>
    </ClCompile>
    <ClCompile Include="Dump.cpp">
      <Filter>ソース ファイル\DirectXCommon\Logger</Filter>
    </ClCompile>
    <ClCompile Include="Logger.cpp">
      <Filter>ソース ファイル\DirectXCommon\Logger</Filter>
    </ClCompile>
    <ClCompile Include="MyMath.cpp">
      <Filter>ソース ファイル\MyMath</Filter>
    </ClCompile>
    <ClCompile Include="MyFunction.cpp">
      <Filter>ソース ファイル\MyMath</Filter>
    </ClCompile>
    <ClCompile Include="DescriptorHeapManager.cpp">
      <Filter>ソース ファイル\DirectXCommon</Filter>
    </ClCompile>
    <ClCompile Include="FrameTimer.cpp">
      <Filter>ソース ファイル\MyMath</Filter>
    </ClCompile>
    <ClCompile Include="Sprite.cpp">
      <Filter>ソース ファイル\Sprite</Filter>
    </ClCompile>
    <ClCompile Include="Transform2D.cpp">
      <Filter>ソース ファイル\Sprite</Filter>
    </ClCompile>
    <ClCompile Include="PostEffect.cpp">
      <Filter>Offscreen\PostEffect</Filter>
    </ClCompile>
    <ClCompile Include="RGBShiftPostEffect.cpp">
      <Filter>Offscreen\PostEffect\RGBShift</Filter>
    </ClCompile>
    <ClCompile Include="PostProcessChain.cpp">
      <Filter>Offscreen\PostProcessChain</Filter>
    </ClCompile>
    <ClCompile Include="OffscreenRenderer.cpp">
      <Filter>Offscreen\OffscreenRenderer</Filter>
    </ClCompile>
    <ClCompile Include="GrayscalePostEffect.cpp">
      <Filter>Offscreen\PostEffect\Grayscale</Filter>
    </ClCompile>
    <ClCompile Include="Engine.cpp">
      <Filter>ソース ファイル</Filter>
    </ClCompile>
    <ClCompile Include="Game\Game.cpp">
      <Filter>Game</Filter>
    </ClCompile>
    <ClCompile Include="Game\Scenes\GameScene\GameScene.cpp">
      <Filter>Game\Scenes\GameScene</Filter>
    </ClCompile>
  </ItemGroup>
  <ItemGroup>
    <FxCompile Include="Object3d.PS.hlsl">
      <Filter>リソース ファイル\Shader\Object3d</Filter>
    </FxCompile>
    <FxCompile Include="Object3d.VS.hlsl">
      <Filter>リソース ファイル\Shader\Object3d</Filter>
    </FxCompile>
    <FxCompile Include="Sprite.PS.hlsl">
      <Filter>リソース ファイル\Shader\Sprite</Filter>
    </FxCompile>
    <FxCompile Include="Sprite.VS.hlsl">
      <Filter>リソース ファイル\Shader\Sprite</Filter>
    </FxCompile>
    <FxCompile Include="RGBShift.PS.hlsl">
      <Filter>リソース ファイル\Shader\RGBShift</Filter>
    </FxCompile>
    <FxCompile Include="RGBShift.VS.hlsl">
      <Filter>リソース ファイル\Shader\RGBShift</Filter>
    </FxCompile>
    <FxCompile Include="Grayscale.PS.hlsl">
      <Filter>リソース ファイル\Shader\Grayscale</Filter>
    </FxCompile>
    <FxCompile Include="Grayscale.VS.hlsl">
      <Filter>リソース ファイル\Shader\Grayscale</Filter>
    </FxCompile>
  </ItemGroup>
  <ItemGroup>
    <ClInclude Include="externals\imgui\imconfig.h">
      <Filter>imgui</Filter>
    </ClInclude>
    <ClInclude Include="externals\imgui\imgui.h">
      <Filter>imgui</Filter>
    </ClInclude>
    <ClInclude Include="externals\imgui\imgui_impl_dx12.h">
      <Filter>imgui</Filter>
    </ClInclude>
    <ClInclude Include="externals\imgui\imgui_impl_win32.h">
      <Filter>imgui</Filter>
    </ClInclude>
    <ClInclude Include="externals\imgui\imgui_internal.h">
      <Filter>imgui</Filter>
    </ClInclude>
    <ClInclude Include="externals\imgui\imstb_rectpack.h">
      <Filter>imgui</Filter>
    </ClInclude>
    <ClInclude Include="externals\imgui\imstb_textedit.h">
      <Filter>imgui</Filter>
    </ClInclude>
    <ClInclude Include="externals\imgui\imstb_truetype.h">
      <Filter>imgui</Filter>
    </ClInclude>
    <ClInclude Include="WinApp.h">
      <Filter>ヘッダー ファイル</Filter>
    </ClInclude>
    <ClInclude Include="Audio.h">
      <Filter>ヘッダー ファイル\Audio</Filter>
    </ClInclude>
    <ClInclude Include="AudioManager.h">
      <Filter>ヘッダー ファイル\Audio</Filter>
    </ClInclude>
    <ClInclude Include="InputManager.h">
      <Filter>ヘッダー ファイル</Filter>
    </ClInclude>
    <ClInclude Include="GameObject.h">
      <Filter>ヘッダー ファイル\GameObject</Filter>
    </ClInclude>
    <ClInclude Include="Texture.h">
      <Filter>ヘッダー ファイル\Texture</Filter>
    </ClInclude>
    <ClInclude Include="TextureManager.h">
      <Filter>ヘッダー ファイル\Texture</Filter>
    </ClInclude>
    <ClInclude Include="Camera.h">
      <Filter>ヘッダー ファイル\Camera</Filter>
    </ClInclude>
    <ClInclude Include="DebugCamera.h">
      <Filter>ヘッダー ファイル\Camera</Filter>
    </ClInclude>
    <ClInclude Include="ImGuiManager.h">
      <Filter>ヘッダー ファイル</Filter>
    </ClInclude>
    <ClInclude Include="CameraController.h">
      <Filter>ヘッダー ファイル\Camera</Filter>
    </ClInclude>
    <ClInclude Include="Transform.h">
      <Filter>ヘッダー ファイル\GameObject</Filter>
    </ClInclude>
    <ClInclude Include="Material.h">
      <Filter>ヘッダー ファイル\GameObject</Filter>
    </ClInclude>
    <ClInclude Include="Mesh.h">
      <Filter>ヘッダー ファイル\GameObject</Filter>
    </ClInclude>
    <ClInclude Include="Model.h">
      <Filter>ヘッダー ファイル\GameObject</Filter>
    </ClInclude>
    <ClInclude Include="Light.h">
      <Filter>ヘッダー ファイル</Filter>
    </ClInclude>
    <ClInclude Include="DirectXCommon.h">
      <Filter>ヘッダー ファイル\DirectXCommon</Filter>
    </ClInclude>
    <ClInclude Include="Dump.h">
      <Filter>ヘッダー ファイル\DirectXCommon\Logger</Filter>
    </ClInclude>
    <ClInclude Include="Logger.h">
      <Filter>ヘッダー ファイル\DirectXCommon\Logger</Filter>
    </ClInclude>
    <ClInclude Include="MyMath.h">
      <Filter>ヘッダー ファイル\MyMath</Filter>
    </ClInclude>
    <ClInclude Include="MyFunction.h">
      <Filter>ヘッダー ファイル\MyMath</Filter>
    </ClInclude>
    <ClInclude Include="GraphicsConfig.h">
      <Filter>ヘッダー ファイル\MyMath</Filter>
    </ClInclude>
    <ClInclude Include="DescriptorHeapManager.h">
      <Filter>ヘッダー ファイル\DirectXCommon</Filter>
    </ClInclude>
    <ClInclude Include="FrameTimer.h">
      <Filter>ヘッダー ファイル\MyMath</Filter>
    </ClInclude>
    <ClInclude Include="resource.h">
      <Filter>ヘッダー ファイル</Filter>
    </ClInclude>
    <ClInclude Include="Sprite.h">
      <Filter>ヘッダー ファイル\Sprite</Filter>
    </ClInclude>
    <ClInclude Include="Transform2D.h">
      <Filter>ヘッダー ファイル\Sprite</Filter>
    </ClInclude>
    <ClInclude Include="PostEffect.h">
      <Filter>Offscreen\PostEffect</Filter>
    </ClInclude>
    <ClInclude Include="RGBShiftPostEffect.h">
      <Filter>Offscreen\PostEffect\RGBShift</Filter>
    </ClInclude>
    <ClInclude Include="PostProcessChain.h">
      <Filter>Offscreen\PostProcessChain</Filter>
    </ClInclude>
    <ClInclude Include="OffscreenRenderer.h">
      <Filter>Offscreen\OffscreenRenderer</Filter>
    </ClInclude>
    <ClInclude Include="GrayscalePostEffect.h">
      <Filter>Offscreen\PostEffect\Grayscale</Filter>
    </ClInclude>
    <ClInclude Include="LeakChecker.h">
      <Filter>ソース ファイル\DirectXCommon\Logger</Filter>
    </ClInclude>
    <ClInclude Include="Engine.h">
      <Filter>ヘッダー ファイル</Filter>
    </ClInclude>
    <ClInclude Include="Game\Game.h">
      <Filter>Game</Filter>
    </ClInclude>
    <ClInclude Include="Game\Scenes\GameScene\GameScene.h">
      <Filter>Game\Scenes\GameScene</Filter>
    </ClInclude>
  </ItemGroup>
  <ItemGroup>
    <None Include="Object3d.hlsli">
      <Filter>リソース ファイル\Shader\Object3d</Filter>
    </None>
    <None Include="Sprite.hlsli">
      <Filter>リソース ファイル\Shader\Sprite</Filter>
    </None>
    <None Include="RGBShift.hlsli">
      <Filter>リソース ファイル\Shader\RGBShift</Filter>
    </None>
    <None Include="Grayscale.hlsli">
      <Filter>リソース ファイル\Shader\Grayscale</Filter>
    </None>
  </ItemGroup>
  <ItemGroup>
    <Text Include="externals\imgui\LICENSE.txt">
      <Filter>imgui</Filter>
    </Text>
  </ItemGroup>
  <ItemGroup>
    <ResourceCompile Include="CG2_2025.rc">
      <Filter>リソース ファイル</Filter>
    </ResourceCompile>
  </ItemGroup>
</Project>