<?xml version="1.0" encoding="utf-8"?>
<Project ToolsVersion="4.0" xmlns="http://schemas.microsoft.com/developer/msbuild/2003">
  <ItemGroup>
    <Filter Include="ソース ファイル">
      <UniqueIdentifier>{4FC737F1-C7A5-4376-A066-2A32D752A2FF}</UniqueIdentifier>
      <Extensions>cpp;c;cc;cxx;c++;cppm;ixx;def;odl;idl;hpj;bat;asm;asmx</Extensions>
    </Filter>
    <Filter Include="ヘッダー ファイル">
      <UniqueIdentifier>{93995380-89BD-4b04-88EB-625FBE52EBFB}</UniqueIdentifier>
      <Extensions>h;hh;hpp;hxx;h++;hm;inl;inc;ipp;xsd</Extensions>
    </Filter>
    <Filter Include="リソース ファイル">
      <UniqueIdentifier>{67DA6AB6-F800-4c08-8B7A-83BB121AAD01}</UniqueIdentifier>
      <Extensions>rc;ico;cur;bmp;dlg;rc2;rct;bin;rgs;gif;jpg;jpeg;jpe;resx;tiff;tif;png;wav;mfcribbon-ms</Extensions>
    </Filter>
    <Filter Include="imgui">
      <UniqueIdentifier>{09ed2eb8-a2f2-4001-8a92-88fb361709f3}</UniqueIdentifier>
    </Filter>
    <Filter Include="ソース ファイル\Audio">
      <UniqueIdentifier>{49779a9c-4b33-4482-9b87-8114c9a89d5d}</UniqueIdentifier>
    </Filter>
    <Filter Include="ヘッダー ファイル\Audio">
      <UniqueIdentifier>{67e04bfc-e7ed-4269-b5fa-6b01d2cb6c14}</UniqueIdentifier>
    </Filter>
    <Filter Include="ソース ファイル\GameObject">
      <UniqueIdentifier>{4e90fb87-35af-43c5-abf0-a88650137e3c}</UniqueIdentifier>
    </Filter>
    <Filter Include="ヘッダー ファイル\GameObject">
      <UniqueIdentifier>{55afe411-9868-43b2-89e9-2633bcd6f53d}</UniqueIdentifier>
    </Filter>
    <Filter Include="ソース ファイル\Texture">
      <UniqueIdentifier>{92addf69-69d6-4d46-b898-5cbd0cd0621b}</UniqueIdentifier>
    </Filter>
    <Filter Include="ヘッダー ファイル\Texture">
      <UniqueIdentifier>{51368f7b-fe4e-4bd0-9ca7-2f5d4844a2db}</UniqueIdentifier>
    </Filter>
    <Filter Include="ソース ファイル\DirectXCommon">
      <UniqueIdentifier>{301b57c6-bc9c-4099-a7b4-de54192c3064}</UniqueIdentifier>
    </Filter>
    <Filter Include="ヘッダー ファイル\DirectXCommon">
      <UniqueIdentifier>{b07e9775-06a7-40a9-9b02-b90fcd54ea71}</UniqueIdentifier>
    </Filter>
    <Filter Include="リソース ファイル\Shader">
      <UniqueIdentifier>{d7f24bbd-081a-4210-811f-21c946777cc9}</UniqueIdentifier>
    </Filter>
    <Filter Include="リソース ファイル\Shader\Object3d">
      <UniqueIdentifier>{f62798c6-8783-48ac-be17-fe2377478ecb}</UniqueIdentifier>
    </Filter>
    <Filter Include="リソース ファイル\Shader\Sprite">
      <UniqueIdentifier>{ae8040b9-f52c-42fc-84d3-5e698849411b}</UniqueIdentifier>
    </Filter>
    <Filter Include="ソース ファイル\Sprite">
      <UniqueIdentifier>{e2882a5e-bff0-4a5b-8ef6-a0a39bc0f78f}</UniqueIdentifier>
    </Filter>
    <Filter Include="ヘッダー ファイル\Sprite">
      <UniqueIdentifier>{e36e23c7-8f1c-4343-8852-618966b22da6}</UniqueIdentifier>
    </Filter>
    <Filter Include="リソース ファイル\Shader\Grayscale">
      <UniqueIdentifier>{199393d8-3b85-4dd1-bd73-032f83314bd8}</UniqueIdentifier>
    </Filter>
    <Filter Include="Game">
      <UniqueIdentifier>{feec44c0-5ba6-4e64-9ba3-5db0d0ca8d0f}</UniqueIdentifier>
    </Filter>
    <Filter Include="Game\Scenes">
      <UniqueIdentifier>{91b6173e-1f16-4090-a701-d3fb5a067a8f}</UniqueIdentifier>
    </Filter>
    <Filter Include="Game\Scenes\GameScene">
      <UniqueIdentifier>{92ccc106-94e0-45b1-96a4-bf83ad623174}</UniqueIdentifier>
    </Filter>
    <Filter Include="SceneManager">
      <UniqueIdentifier>{b845b850-1796-4cd3-a171-8aa6a2c0eb45}</UniqueIdentifier>
    </Filter>
    <Filter Include="SceneManager\DefaultScene">
      <UniqueIdentifier>{df795625-dc06-44e5-bfdc-cdcd673a1728}</UniqueIdentifier>
    </Filter>
    <Filter Include="Game\Scenes\TitleScene">
      <UniqueIdentifier>{657acde6-db28-4149-9d7d-0c9c3feca823}</UniqueIdentifier>
    </Filter>
    <Filter Include="Game\Scenes\TitleScene\Objects">
      <UniqueIdentifier>{57f7a9d8-9b42-4057-9a70-8b235666cb79}</UniqueIdentifier>
    </Filter>
    <Filter Include="Game\Scenes\TitleScene\Objects\TitlePlayer">
      <UniqueIdentifier>{38dc545c-dc70-4ec2-8b04-589ba2a94d01}</UniqueIdentifier>
    </Filter>
    <Filter Include="Game\Scenes\GameScene\Objects">
      <UniqueIdentifier>{0126492a-2253-4b67-9cff-eedc8047fabb}</UniqueIdentifier>
    </Filter>
    <Filter Include="Game\Scenes\GameScene\Objects\Player">
      <UniqueIdentifier>{3a16bcdb-d50c-496d-8b75-a6d86459a64a}</UniqueIdentifier>
    </Filter>
    <Filter Include="Game\Scenes\GameScene\Objects\Enemy">
      <UniqueIdentifier>{72884eaa-fda0-45e6-999b-982d08e1e8a8}</UniqueIdentifier>
    </Filter>
    <Filter Include="Game\Scenes\GameScene\Objects\MapChipField">
      <UniqueIdentifier>{32651caf-a83b-448e-a20f-28f9e170f45b}</UniqueIdentifier>
    </Filter>
    <Filter Include="Game\Scenes\GameScene\Objects\Skydome">
      <UniqueIdentifier>{f4539ff9-b533-43a6-992b-bd998b0a53c4}</UniqueIdentifier>
    </Filter>
    <Filter Include="リソース ファイル\Shader\RGBShift">
      <UniqueIdentifier>{869937fb-cbe3-4a2d-85c9-d01611d182d2}</UniqueIdentifier>
    </Filter>
    <Filter Include="Engine">
      <UniqueIdentifier>{f70ce07e-5b4e-449c-be5f-6f9f6b2555bb}</UniqueIdentifier>
    </Filter>
    <Filter Include="Engine\BaseSystem">
      <UniqueIdentifier>{e2e33861-0b3d-4c4e-b915-da6dcd8205a5}</UniqueIdentifier>
    </Filter>
    <Filter Include="Engine\BaseSystem\Logger">
      <UniqueIdentifier>{577e0e85-e621-4f3b-8b03-ebce0f82d82e}</UniqueIdentifier>
    </Filter>
    <Filter Include="Engine\BaseSystem\WinApp">
      <UniqueIdentifier>{55694ab5-6cb1-493d-a885-e5f5fe1c6730}</UniqueIdentifier>
    </Filter>
    <Filter Include="Engine\BaseSystem\DirectXCommon">
      <UniqueIdentifier>{f8409849-6e81-4254-a523-bbead3e9cc50}</UniqueIdentifier>
    </Filter>
    <Filter Include="Engine\OffScreenRenderer">
      <UniqueIdentifier>{8bc77280-60cd-44b8-a2d8-74b652d035e5}</UniqueIdentifier>
    </Filter>
    <Filter Include="Engine\OffScreenRenderer\PostEffect">
      <UniqueIdentifier>{77687888-8282-4d7e-a865-a15d5e44dcb4}</UniqueIdentifier>
    </Filter>
    <Filter Include="Engine\FrameTimer">
      <UniqueIdentifier>{14c40776-6e78-4284-ad43-f871e8df3d70}</UniqueIdentifier>
    </Filter>
    <Filter Include="Engine\OffScreenRenderer\PostEffect\RGBShift">
      <UniqueIdentifier>{885eaab5-9d5a-401f-8888-009a7dfcd2f0}</UniqueIdentifier>
    </Filter>
    <Filter Include="Engine\OffScreenRenderer\PostEffect\Grayscale">
      <UniqueIdentifier>{3125642e-04cb-43ce-b12c-0ea65eb247f5}</UniqueIdentifier>
    </Filter>
    <Filter Include="Engine\CameraController">
      <UniqueIdentifier>{11539be1-ba92-4684-a353-704c408862bb}</UniqueIdentifier>
    </Filter>
    <Filter Include="Engine\MyMath">
      <UniqueIdentifier>{12403412-1bc7-4927-b755-240bd79f6595}</UniqueIdentifier>
    </Filter>
    <Filter Include="Engine\Objects">
      <UniqueIdentifier>{316e2ec9-0aa7-48bb-a20e-e61bc9a224ec}</UniqueIdentifier>
    </Filter>
    <Filter Include="Engine\Objects\Sprite">
      <UniqueIdentifier>{9141dc29-9f62-4285-946d-27e7a0216f67}</UniqueIdentifier>
    </Filter>
    <Filter Include="Engine\Objects\Light">
      <UniqueIdentifier>{c2dc26ba-dff9-43de-aea3-1931dd817a02}</UniqueIdentifier>
    </Filter>
    <Filter Include="Engine\Objects\GameObject">
      <UniqueIdentifier>{9f9fc7be-4b1e-4259-bf4f-a9d06975c986}</UniqueIdentifier>
    </Filter>
  </ItemGroup>
  <ItemGroup>
    <ClCompile Include="main.cpp">
      <Filter>ソース ファイル</Filter>
    </ClCompile>
    <ClCompile Include="externals\imgui\imgui.cpp">
      <Filter>imgui</Filter>
    </ClCompile>
    <ClCompile Include="externals\imgui\imgui_demo.cpp">
      <Filter>imgui</Filter>
    </ClCompile>
    <ClCompile Include="externals\imgui\imgui_draw.cpp">
      <Filter>imgui</Filter>
    </ClCompile>
    <ClCompile Include="externals\imgui\imgui_impl_dx12.cpp">
      <Filter>imgui</Filter>
    </ClCompile>
    <ClCompile Include="externals\imgui\imgui_impl_win32.cpp">
      <Filter>imgui</Filter>
    </ClCompile>
    <ClCompile Include="externals\imgui\imgui_tables.cpp">
      <Filter>imgui</Filter>
    </ClCompile>
    <ClCompile Include="externals\imgui\imgui_widgets.cpp">
      <Filter>imgui</Filter>
    </ClCompile>
    <ClCompile Include="Audio.cpp">
      <Filter>ソース ファイル\Audio</Filter>
    </ClCompile>
    <ClCompile Include="AudioManager.cpp">
      <Filter>ソース ファイル\Audio</Filter>
    </ClCompile>
    <ClCompile Include="InputManager.cpp">
      <Filter>ソース ファイル</Filter>
    </ClCompile>
    <ClCompile Include="GameObject.cpp">
      <Filter>ソース ファイル\GameObject</Filter>
    </ClCompile>
    <ClCompile Include="Texture.cpp">
      <Filter>ソース ファイル\Texture</Filter>
    </ClCompile>
    <ClCompile Include="TextureManager.cpp">
      <Filter>ソース ファイル\Texture</Filter>
    </ClCompile>
    <ClCompile Include="ImGuiManager.cpp">
      <Filter>ソース ファイル</Filter>
    </ClCompile>
    <ClCompile Include="Transform.cpp">
      <Filter>ソース ファイル\GameObject</Filter>
    </ClCompile>
    <ClCompile Include="Material.cpp">
      <Filter>ソース ファイル\GameObject</Filter>
    </ClCompile>
    <ClCompile Include="Mesh.cpp">
      <Filter>ソース ファイル\GameObject</Filter>
    </ClCompile>
    <ClCompile Include="Model.cpp">
      <Filter>ソース ファイル\GameObject</Filter>
    </ClCompile>
    <ClCompile Include="DirectXCommon.cpp">
      <Filter>ソース ファイル\DirectXCommon</Filter>
    </ClCompile>
    <ClCompile Include="Game\Game.cpp">
      <Filter>Game</Filter>
    </ClCompile>
    <ClCompile Include="Game\Scenes\GameScene\GameScene.cpp">
      <Filter>Game\Scenes\GameScene</Filter>
    </ClCompile>
    <ClCompile Include="DemoScene.cpp">
      <Filter>SceneManager\DefaultScene</Filter>
    </ClCompile>
    <ClCompile Include="SceneManager.cpp">
      <Filter>SceneManager</Filter>
    </ClCompile>
    <ClCompile Include="Game\Scenes\TitleScene\TitleScene.cpp">
      <Filter>Game\Scenes\TitleScene</Filter>
    </ClCompile>
    <ClCompile Include="Game\Scenes\TitleScene\objects\TitlePlayer\TitlePlayer.cpp">
      <Filter>Game\Scenes\TitleScene\Objects\TitlePlayer</Filter>
    </ClCompile>
    <ClCompile Include="Game\Scenes\GameScene\objects\Player\Player.cpp">
      <Filter>Game\Scenes\GameScene\Objects\Player</Filter>
    </ClCompile>
    <ClCompile Include="Engine\Engine.cpp">
      <Filter>Engine</Filter>
    </ClCompile>
    <ClCompile Include="Engine\BaseSystem\Logger\Dump.cpp">
      <Filter>Engine\BaseSystem\Logger</Filter>
    </ClCompile>
    <ClCompile Include="Engine\BaseSystem\Logger\Logger.cpp">
      <Filter>Engine\BaseSystem\Logger</Filter>
    </ClCompile>
    <ClCompile Include="Engine\BaseSystem\WinApp\WinApp.cpp">
      <Filter>Engine\BaseSystem\WinApp</Filter>
    </ClCompile>
    <ClCompile Include="Engine\BaseSystem\DirectXCommon\DescriptorHeapManager.cpp">
      <Filter>Engine\BaseSystem\DirectXCommon</Filter>
    </ClCompile>
    <ClCompile Include="Engine\OffscreenRenderer\OffscreenRenderer.cpp">
      <Filter>Engine\OffScreenRenderer</Filter>
    </ClCompile>
    <ClCompile Include="Engine\OffscreenRenderer\PostProcessChain.cpp">
      <Filter>Engine\OffScreenRenderer</Filter>
    </ClCompile>
    <ClCompile Include="Engine\OffscreenRenderer\PostEffect\PostEffect.cpp">
      <Filter>Engine\OffScreenRenderer\PostEffect</Filter>
    </ClCompile>
    <ClCompile Include="Engine\FrameTimer\FrameTimer.cpp">
      <Filter>Engine\FrameTimer</Filter>
    </ClCompile>
    <ClCompile Include="Engine\OffscreenRenderer\PostEffect\RGBShift\RGBShiftPostEffect.cpp">
      <Filter>Engine\OffScreenRenderer\PostEffect\RGBShift</Filter>
    </ClCompile>
    <ClCompile Include="Engine\OffscreenRenderer\PostEffect\Grayscale\GrayscalePostEffect.cpp">
      <Filter>Engine\OffScreenRenderer\PostEffect\Grayscale</Filter>
    </ClCompile>
    <ClCompile Include="Engine\CameraController\Camera.cpp">
      <Filter>Engine\CameraController</Filter>
    </ClCompile>
    <ClCompile Include="Engine\CameraController\CameraController.cpp">
      <Filter>Engine\CameraController</Filter>
    </ClCompile>
    <ClCompile Include="Engine\CameraController\DebugCamera.cpp">
      <Filter>Engine\CameraController</Filter>
    </ClCompile>
    <ClCompile Include="Engine\MyMath\MyFunction.cpp">
      <Filter>Engine\MyMath</Filter>
    </ClCompile>
    <ClCompile Include="Engine\MyMath\MyMath.cpp">
      <Filter>Engine\MyMath</Filter>
    </ClCompile>
    <ClCompile Include="Engine\Objects\Sprite\Sprite.cpp">
      <Filter>Engine\Objects\Sprite</Filter>
    </ClCompile>
    <ClCompile Include="Engine\Objects\Sprite\Transform2D.cpp">
      <Filter>Engine\Objects\Sprite</Filter>
    </ClCompile>
    <ClCompile Include="Engine\Objects\Light\Light.cpp">
      <Filter>Engine\Objects\Light</Filter>
    </ClCompile>
  </ItemGroup>
  <ItemGroup>
    <FxCompile Include="resources\Shader\RGBShift\RGBShift.PS.hlsl">
      <Filter>リソース ファイル\Shader\RGBShift</Filter>
    </FxCompile>
    <FxCompile Include="resources\Shader\RGBShift\RGBShift.VS.hlsl">
      <Filter>リソース ファイル\Shader\RGBShift</Filter>
    </FxCompile>
    <FxCompile Include="resources\Shader\Grayscale\Grayscale.PS.hlsl">
      <Filter>リソース ファイル\Shader\Grayscale</Filter>
    </FxCompile>
    <FxCompile Include="resources\Shader\Grayscale\Grayscale.VS.hlsl">
      <Filter>リソース ファイル\Shader\Grayscale</Filter>
    </FxCompile>
    <FxCompile Include="resources\Shader\Object3d\Object3d.PS.hlsl">
      <Filter>リソース ファイル\Shader\Object3d</Filter>
    </FxCompile>
    <FxCompile Include="resources\Shader\Object3d\Object3d.VS.hlsl">
      <Filter>リソース ファイル\Shader\Object3d</Filter>
    </FxCompile>
    <FxCompile Include="resources\Shader\Sprite\Sprite.PS.hlsl">
      <Filter>リソース ファイル\Shader\Sprite</Filter>
    </FxCompile>
    <FxCompile Include="resources\Shader\Sprite\Sprite.VS.hlsl">
      <Filter>リソース ファイル\Shader\Sprite</Filter>
    </FxCompile>
  </ItemGroup>
  <ItemGroup>
    <ClInclude Include="externals\imgui\imconfig.h">
      <Filter>imgui</Filter>
    </ClInclude>
    <ClInclude Include="externals\imgui\imgui.h">
      <Filter>imgui</Filter>
    </ClInclude>
    <ClInclude Include="externals\imgui\imgui_impl_dx12.h">
      <Filter>imgui</Filter>
    </ClInclude>
    <ClInclude Include="externals\imgui\imgui_impl_win32.h">
      <Filter>imgui</Filter>
    </ClInclude>
    <ClInclude Include="externals\imgui\imgui_internal.h">
      <Filter>imgui</Filter>
    </ClInclude>
    <ClInclude Include="externals\imgui\imstb_rectpack.h">
      <Filter>imgui</Filter>
    </ClInclude>
    <ClInclude Include="externals\imgui\imstb_textedit.h">
      <Filter>imgui</Filter>
    </ClInclude>
    <ClInclude Include="externals\imgui\imstb_truetype.h">
      <Filter>imgui</Filter>
    </ClInclude>
    <ClInclude Include="Audio.h">
      <Filter>ヘッダー ファイル\Audio</Filter>
    </ClInclude>
    <ClInclude Include="AudioManager.h">
      <Filter>ヘッダー ファイル\Audio</Filter>
    </ClInclude>
    <ClInclude Include="InputManager.h">
      <Filter>ヘッダー ファイル</Filter>
    </ClInclude>
    <ClInclude Include="GameObject.h">
      <Filter>ヘッダー ファイル\GameObject</Filter>
    </ClInclude>
    <ClInclude Include="Texture.h">
      <Filter>ヘッダー ファイル\Texture</Filter>
    </ClInclude>
    <ClInclude Include="TextureManager.h">
      <Filter>ヘッダー ファイル\Texture</Filter>
    </ClInclude>
    <ClInclude Include="ImGuiManager.h">
      <Filter>ヘッダー ファイル</Filter>
    </ClInclude>
    <ClInclude Include="Transform.h">
      <Filter>ヘッダー ファイル\GameObject</Filter>
    </ClInclude>
    <ClInclude Include="Material.h">
      <Filter>ヘッダー ファイル\GameObject</Filter>
    </ClInclude>
    <ClInclude Include="Mesh.h">
      <Filter>ヘッダー ファイル\GameObject</Filter>
    </ClInclude>
    <ClInclude Include="Model.h">
      <Filter>ヘッダー ファイル\GameObject</Filter>
    </ClInclude>
    <ClInclude Include="DirectXCommon.h">
      <Filter>ヘッダー ファイル\DirectXCommon</Filter>
    </ClInclude>
    <ClInclude Include="resource.h">
      <Filter>ヘッダー ファイル</Filter>
    </ClInclude>
    <ClInclude Include="Game\Game.h">
      <Filter>Game</Filter>
    </ClInclude>
    <ClInclude Include="Game\Scenes\GameScene\GameScene.h">
      <Filter>Game\Scenes\GameScene</Filter>
    </ClInclude>
    <ClInclude Include="DemoScene.h">
      <Filter>SceneManager\DefaultScene</Filter>
    </ClInclude>
    <ClInclude Include="BaseScene.h">
      <Filter>SceneManager</Filter>
    </ClInclude>
    <ClInclude Include="SceneManager.h">
      <Filter>SceneManager</Filter>
    </ClInclude>
    <ClInclude Include="Game\Scenes\TitleScene\TitleScene.h">
      <Filter>Game\Scenes\TitleScene</Filter>
    </ClInclude>
    <ClInclude Include="Game\Scenes\TitleScene\objects\TitlePlayer\TitlePlayer.h">
      <Filter>Game\Scenes\TitleScene\Objects\TitlePlayer</Filter>
    </ClInclude>
    <ClInclude Include="Game\Scenes\GameScene\objects\Player\Player.h">
      <Filter>Game\Scenes\GameScene\Objects\Player</Filter>
    </ClInclude>
    <ClInclude Include="Engine\Engine.h">
      <Filter>Engine</Filter>
    </ClInclude>
    <ClInclude Include="Engine\BaseSystem\Logger\Dump.h">
      <Filter>Engine\BaseSystem\Logger</Filter>
    </ClInclude>
    <ClInclude Include="Engine\BaseSystem\Logger\Logger.h">
      <Filter>Engine\BaseSystem\Logger</Filter>
    </ClInclude>
    <ClInclude Include="Engine\BaseSystem\WinApp\WinApp.h">
      <Filter>Engine\BaseSystem\WinApp</Filter>
    </ClInclude>
    <ClInclude Include="Engine\BaseSystem\GraphicsConfig.h">
      <Filter>Engine\BaseSystem</Filter>
    </ClInclude>
    <ClInclude Include="Engine\BaseSystem\DirectXCommon\DescriptorHeapManager.h">
      <Filter>Engine\BaseSystem\DirectXCommon</Filter>
    </ClInclude>
    <ClInclude Include="Engine\OffscreenRenderer\OffscreenRenderer.h">
      <Filter>Engine\OffScreenRenderer</Filter>
    </ClInclude>
    <ClInclude Include="Engine\OffscreenRenderer\PostProcessChain.h">
      <Filter>Engine\OffScreenRenderer</Filter>
    </ClInclude>
    <ClInclude Include="Engine\OffscreenRenderer\PostEffect\PostEffect.h">
      <Filter>Engine\OffScreenRenderer\PostEffect</Filter>
    </ClInclude>
    <ClInclude Include="Engine\FrameTimer\FrameTimer.h">
      <Filter>Engine\FrameTimer</Filter>
    </ClInclude>
    <ClInclude Include="Engine\OffscreenRenderer\PostEffect\RGBShift\RGBShiftPostEffect.h">
      <Filter>Engine\OffScreenRenderer\PostEffect\RGBShift</Filter>
    </ClInclude>
    <ClInclude Include="Engine\OffscreenRenderer\PostEffect\Grayscale\GrayscalePostEffect.h">
      <Filter>Engine\OffScreenRenderer\PostEffect\Grayscale</Filter>
    </ClInclude>
    <ClInclude Include="LeakChecker.h">
      <Filter>ヘッダー ファイル</Filter>
    </ClInclude>
    <ClInclude Include="Engine\CameraController\Camera.h">
      <Filter>Engine\CameraController</Filter>
    </ClInclude>
    <ClInclude Include="Engine\CameraController\CameraController.h">
      <Filter>Engine\CameraController</Filter>
    </ClInclude>
    <ClInclude Include="Engine\CameraController\DebugCamera.h">
      <Filter>Engine\CameraController</Filter>
    </ClInclude>
    <ClInclude Include="Engine\MyMath\MyFunction.h">
      <Filter>Engine\MyMath</Filter>
    </ClInclude>
    <ClInclude Include="Engine\MyMath\MyMath.h">
      <Filter>Engine\MyMath</Filter>
    </ClInclude>
    <ClInclude Include="Engine\Objects\Sprite\Sprite.h">
      <Filter>Engine\Objects\Sprite</Filter>
    </ClInclude>
    <ClInclude Include="Engine\Objects\Sprite\Transform2D.h">
      <Filter>Engine\Objects\Sprite</Filter>
    </ClInclude>
    <ClInclude Include="Engine\Objects\Light\Light.h">
      <Filter>Engine\Objects\Light</Filter>
    </ClInclude>
  </ItemGroup>
  <ItemGroup>
    <None Include="resources\Shader\RGBShift\RGBShift.hlsli">
      <Filter>リソース ファイル\Shader\RGBShift</Filter>
    </None>
    <None Include="resources\Shader\Grayscale\Grayscale.hlsli">
      <Filter>リソース ファイル\Shader\Grayscale</Filter>
    </None>
    <None Include="resources\Shader\Object3d\Object3d.hlsli">
      <Filter>リソース ファイル\Shader\Object3d</Filter>
    </None>
    <None Include="resources\Shader\Sprite\Sprite.hlsli">
      <Filter>リソース ファイル\Shader\Sprite</Filter>
    </None>
  </ItemGroup>
  <ItemGroup>
    <Text Include="externals\imgui\LICENSE.txt">
      <Filter>imgui</Filter>
    </Text>
  </ItemGroup>
  <ItemGroup>
    <ResourceCompile Include="CG2_2025.rc">
      <Filter>リソース ファイル</Filter>
    </ResourceCompile>
  </ItemGroup>
</Project>